PODS:
  - LocalizableUIElements (1.0.0)

DEPENDENCIES:
  - LocalizableUIElements (~> 1.0)

SPEC REPOS:
  https://github.com/cocoapods/specs.git:
    - LocalizableUIElements

SPEC CHECKSUMS:
  LocalizableUIElements: 6f9d2c8bd02506fd178cd0c55e6faecaa689a1a9

PODFILE CHECKSUM: 3ab285d0ec14abb4954f54ce99ebc8434e48ade8

COCOAPODS: 1.5.3
